// !$*UTF8*$!
{
	archiveVersion = 1;
	classes = {
	};
	objectVersion = 70;
	objects = {

/* Begin PBXBuildFile section */
		72185F522E84B44F0057458C /* CrashFeedbackCollector.swift in Sources */ = {isa = PBXBuildFile; fileRef = 72185F512E84B44F0057458C /* CrashFeedbackCollector.swift */; };
		72185F542E84B4680057458C /* ServiceInterfaces.swift in Sources */ = {isa = PBXBuildFile; fileRef = 72185F532E84B4680057458C /* ServiceInterfaces.swift */; };
		72185F562E84B4AF0057458C /* GameBoardBridgeViewModel.swift in Sources */ = {isa = PBXBuildFile; fileRef = 72185F552E84B4AF0057458C /* GameBoardBridgeViewModel.swift */; };
		72185F582E84B4B80057458C /* GameViewLayoutSupport.swift in Sources */ = {isa = PBXBuildFile; fileRef = 72185F572E84B4B80057458C /* GameViewLayoutSupport.swift */; };
		72185F592E84B50F0057458C /* DebugLog.swift in Sources */ = {isa = PBXBuildFile; fileRef = 72CF37F12E7162E20093B180 /* DebugLog.swift */; };
		7266422C2E8146C4003EA325 /* Game in Frameworks */ = {isa = PBXBuildFile; productRef = 7266422B2E8146C4003EA325 /* Game */; };
		7266422D2E81477E003EA325 /* Game in Frameworks */ = {isa = PBXBuildFile; productRef = 7297918A2E7F43F300361471 /* Game */; };
		7266422E2E81477E003EA325 /* Game in Frameworks */ = {isa = PBXBuildFile; productRef = 729791A72E7F569900361471 /* Game */; };
		7266423A2E823939003EA325 /* FreeModeRegulationStore.swift in Sources */ = {isa = PBXBuildFile; fileRef = 726642392E823939003EA325 /* FreeModeRegulationStore.swift */; };
		7266423C2E82397D003EA325 /* FreeModeRegulationView.swift in Sources */ = {isa = PBXBuildFile; fileRef = 7266423B2E82397D003EA325 /* FreeModeRegulationView.swift */; };
		726642482E826487003EA325 /* Environment+TopOverlayHeight.swift in Sources */ = {isa = PBXBuildFile; fileRef = 726642472E826487003EA325 /* Environment+TopOverlayHeight.swift */; };
		726642542E826754003EA325 /* Environment+BaseSafeAreaInsets.swift in Sources */ = {isa = PBXBuildFile; fileRef = 726642532E826754003EA325 /* Environment+BaseSafeAreaInsets.swift */; };
		726642682E8409A1003EA325 /* StoreKit.framework in Frameworks */ = {isa = PBXBuildFile; fileRef = 726642672E8409A1003EA325 /* StoreKit.framework */; };
		726642982E848E91003EA325 /* AdsConsentCoordinator.swift in Sources */ = {isa = PBXBuildFile; fileRef = 726642972E848E91003EA325 /* AdsConsentCoordinator.swift */; };
		7266429A2E848E9A003EA325 /* InterstitialAdController.swift in Sources */ = {isa = PBXBuildFile; fileRef = 726642992E848E9A003EA325 /* InterstitialAdController.swift */; };
		7266429E2E849763003EA325 /* GameViewModel.swift in Sources */ = {isa = PBXBuildFile; fileRef = 7266429D2E849763003EA325 /* GameViewModel.swift */; };
		726642AF2E849978003EA325 /* CardAnimationPhase.swift in Sources */ = {isa = PBXBuildFile; fileRef = 726642AE2E849978003EA325 /* CardAnimationPhase.swift */; };
		726642B12E849982003EA325 /* BoardLayoutSnapshot.swift in Sources */ = {isa = PBXBuildFile; fileRef = 726642B02E849982003EA325 /* BoardLayoutSnapshot.swift */; };
		726642EF2E85DA48003EA325 /* CampaignStageSelectionView.swift in Sources */ = {isa = PBXBuildFile; fileRef = 726642EE2E85DA48003EA325 /* CampaignStageSelectionView.swift */; };
		726642F12E85DA54003EA325 /* DiagnosticsCenterView.swift in Sources */ = {isa = PBXBuildFile; fileRef = 726642F02E85DA54003EA325 /* DiagnosticsCenterView.swift */; };
		726642F32E85DA73003EA325 /* GameBoardControlRowView.swift in Sources */ = {isa = PBXBuildFile; fileRef = 726642F22E85DA73003EA325 /* GameBoardControlRowView.swift */; };
		726642F52E85DA84003EA325 /* GameCardAnimationOverlay.swift in Sources */ = {isa = PBXBuildFile; fileRef = 726642F42E85DA84003EA325 /* GameCardAnimationOverlay.swift */; };
		726642F82E85DA8E003EA325 /* GameMenuActionConfirmationSheet.swift in Sources */ = {isa = PBXBuildFile; fileRef = 726642F72E85DA8E003EA325 /* GameMenuActionConfirmationSheet.swift */; };
		726642F92E85DA8E003EA325 /* GameHandSectionView.swift in Sources */ = {isa = PBXBuildFile; fileRef = 726642F62E85DA8E003EA325 /* GameHandSectionView.swift */; };
		726643002E85DA9D003EA325 /* PauseMenuView.swift in Sources */ = {isa = PBXBuildFile; fileRef = 726642FE2E85DA9D003EA325 /* PauseMenuView.swift */; };
		726643012E85DA9D003EA325 /* PenaltyBannerView.swift in Sources */ = {isa = PBXBuildFile; fileRef = 726642FF2E85DA9D003EA325 /* PenaltyBannerView.swift */; };
		726643022E85DA9D003EA325 /* GameView+Observers.swift in Sources */ = {isa = PBXBuildFile; fileRef = 726642FC2E85DA9D003EA325 /* GameView+Observers.swift */; };
		726643032E85DA9D003EA325 /* GameView+Logging.swift in Sources */ = {isa = PBXBuildFile; fileRef = 726642FB2E85DA9D003EA325 /* GameView+Logging.swift */; };
		726643042E85DA9D003EA325 /* GameView+Layout.swift in Sources */ = {isa = PBXBuildFile; fileRef = 726642FA2E85DA9D003EA325 /* GameView+Layout.swift */; };
		726643052E85DA9D003EA325 /* GameViewPreferenceKeys.swift in Sources */ = {isa = PBXBuildFile; fileRef = 726642FD2E85DA9D003EA325 /* GameViewPreferenceKeys.swift */; };
		726643072E85DAD1003EA325 /* CampaignProgressStore.swift in Sources */ = {isa = PBXBuildFile; fileRef = 726643062E85DAD1003EA325 /* CampaignProgressStore.swift */; };
		729791562E7EB35900361471 /* LaunchScreen.storyboard in Resources */ = {isa = PBXBuildFile; fileRef = 729791552E7EB35900361471 /* LaunchScreen.storyboard */; };
		72CF37F02E71616C0093B180 /* MonoKnightApp.swift in Sources */ = {isa = PBXBuildFile; fileRef = 000000000000000000000004 /* MonoKnightApp.swift */; };
		72CF38052E7162E20093B180 /* ErrorReporter.swift in Sources */ = {isa = PBXBuildFile; fileRef = 72CF37F92E7162E20093B180 /* ErrorReporter.swift */; };
		72CF38072E7162E20093B180 /* GameView.swift in Sources */ = {isa = PBXBuildFile; fileRef = 72CF38002E7162E20093B180 /* GameView.swift */; };
		72CF380B2E7162E20093B180 /* AdsService.swift in Sources */ = {isa = PBXBuildFile; fileRef = 72CF37F82E7162E20093B180 /* AdsService.swift */; };
		72CF380C2E7162E20093B180 /* SettingsView.swift in Sources */ = {isa = PBXBuildFile; fileRef = 72CF38032E7162E20093B180 /* SettingsView.swift */; };
		72CF380E2E7162E20093B180 /* ServiceMocks.swift in Sources */ = {isa = PBXBuildFile; fileRef = 72CF37FB2E7162E20093B180 /* ServiceMocks.swift */; };
		72CF380F2E7162E20093B180 /* ResultView.swift in Sources */ = {isa = PBXBuildFile; fileRef = 72CF38012E7162E20093B180 /* ResultView.swift */; };
		72CF38102E7162E20093B180 /* ConsentFlowView.swift in Sources */ = {isa = PBXBuildFile; fileRef = 72CF37FE2E7162E20093B180 /* ConsentFlowView.swift */; };
		72CF38112E7162E20093B180 /* GameCenterService.swift in Sources */ = {isa = PBXBuildFile; fileRef = 72CF37FA2E7162E20093B180 /* GameCenterService.swift */; };
		72CF38122E7162E20093B180 /* StoreService.swift in Sources */ = {isa = PBXBuildFile; fileRef = 72CF37FC2E7162E20093B180 /* StoreService.swift */; };
		72CF38142E7162E20093B180 /* RootView.swift in Sources */ = {isa = PBXBuildFile; fileRef = 72CF38022E7162E20093B180 /* RootView.swift */; };
		72CF38182E7252460093B180 /* GoogleMobileAds in Frameworks */ = {isa = PBXBuildFile; productRef = 72CF38172E7252460093B180 /* GoogleMobileAds */; };
		72CF38192E90AA000093B180 /* SharedSupport in Frameworks */ = {isa = PBXBuildFile; productRef = 72CF381A2E90AA000093B180 /* SharedSupport */; };
		72F554A82E7E40100098A1B0 /* MoveCardIllustrationView.swift in Sources */ = {isa = PBXBuildFile; fileRef = 72F554A72E7E40100098A1B0 /* MoveCardIllustrationView.swift */; };
		72F554AC2E7E60850098A1B0 /* HowToPlayView.swift in Sources */ = {isa = PBXBuildFile; fileRef = 72F554A92E7E60850098A1B0 /* HowToPlayView.swift */; };
		72F554AD2E7E60850098A1B0 /* AppTheme.swift in Sources */ = {isa = PBXBuildFile; fileRef = 72F554AA2E7E60850098A1B0 /* AppTheme.swift */; };
		E765BB532E83469000C78E4F /* Local.xcconfig in Resources */ = {isa = PBXBuildFile; fileRef = E765BB522E83469000C78E4F /* Local.xcconfig */; };
/* End PBXBuildFile section */

/* Begin PBXContainerItemProxy section */
		72CF37D62E7161170093B180 /* PBXContainerItemProxy */ = {
			isa = PBXContainerItemProxy;
			containerPortal = 000000000000000000000001 /* Project object */;
			proxyType = 1;
			remoteGlobalIDString = 72CF37C82E7161160093B180;
			remoteInfo = MonoKnightApp;
		};
		72CF37E02E7161170093B180 /* PBXContainerItemProxy */ = {
			isa = PBXContainerItemProxy;
			containerPortal = 000000000000000000000001 /* Project object */;
			proxyType = 1;
			remoteGlobalIDString = 72CF37C82E7161160093B180;
			remoteInfo = MonoKnightApp;
		};
/* End PBXContainerItemProxy section */

/* Begin PBXFileReference section */
		000000000000000000000003 /* MonoKnight.app */ = {isa = PBXFileReference; explicitFileType = wrapper.application; includeInIndex = 0; path = MonoKnight.app; sourceTree = BUILT_PRODUCTS_DIR; };
		000000000000000000000004 /* MonoKnightApp.swift */ = {isa = PBXFileReference; lastKnownFileType = sourcecode.swift; path = MonoKnightApp.swift; sourceTree = "<group>"; };
		000000000000000000000009 /* Info.plist */ = {isa = PBXFileReference; lastKnownFileType = text.plist.xml; path = Info.plist; sourceTree = "<group>"; };
		72185F512E84B44F0057458C /* CrashFeedbackCollector.swift */ = {isa = PBXFileReference; lastKnownFileType = sourcecode.swift; path = CrashFeedbackCollector.swift; sourceTree = "<group>"; };
		72185F532E84B4680057458C /* ServiceInterfaces.swift */ = {isa = PBXFileReference; lastKnownFileType = sourcecode.swift; path = ServiceInterfaces.swift; sourceTree = "<group>"; };
		72185F552E84B4AF0057458C /* GameBoardBridgeViewModel.swift */ = {isa = PBXFileReference; lastKnownFileType = sourcecode.swift; path = GameBoardBridgeViewModel.swift; sourceTree = "<group>"; };
		72185F572E84B4B80057458C /* GameViewLayoutSupport.swift */ = {isa = PBXFileReference; lastKnownFileType = sourcecode.swift; path = GameViewLayoutSupport.swift; sourceTree = "<group>"; };
		726642282E813A69003EA325 /* GameMode.swift */ = {isa = PBXFileReference; lastKnownFileType = sourcecode.swift; path = GameMode.swift; sourceTree = "<group>"; };
		726642392E823939003EA325 /* FreeModeRegulationStore.swift */ = {isa = PBXFileReference; lastKnownFileType = sourcecode.swift; path = FreeModeRegulationStore.swift; sourceTree = "<group>"; };
		7266423B2E82397D003EA325 /* FreeModeRegulationView.swift */ = {isa = PBXFileReference; lastKnownFileType = sourcecode.swift; path = FreeModeRegulationView.swift; sourceTree = "<group>"; };
		726642472E826487003EA325 /* Environment+TopOverlayHeight.swift */ = {isa = PBXFileReference; lastKnownFileType = sourcecode.swift; path = "Environment+TopOverlayHeight.swift"; sourceTree = "<group>"; };
		726642532E826754003EA325 /* Environment+BaseSafeAreaInsets.swift */ = {isa = PBXFileReference; lastKnownFileType = sourcecode.swift; path = "Environment+BaseSafeAreaInsets.swift"; sourceTree = "<group>"; };
		726642672E8409A1003EA325 /* StoreKit.framework */ = {isa = PBXFileReference; lastKnownFileType = wrapper.framework; name = StoreKit.framework; path = Platforms/iPhoneOS.platform/Developer/SDKs/iPhoneOS18.5.sdk/System/Library/Frameworks/StoreKit.framework; sourceTree = DEVELOPER_DIR; };
		726642972E848E91003EA325 /* AdsConsentCoordinator.swift */ = {isa = PBXFileReference; lastKnownFileType = sourcecode.swift; path = AdsConsentCoordinator.swift; sourceTree = "<group>"; };
		726642992E848E9A003EA325 /* InterstitialAdController.swift */ = {isa = PBXFileReference; lastKnownFileType = sourcecode.swift; path = InterstitialAdController.swift; sourceTree = "<group>"; };
		7266429D2E849763003EA325 /* GameViewModel.swift */ = {isa = PBXFileReference; lastKnownFileType = sourcecode.swift; path = GameViewModel.swift; sourceTree = "<group>"; };
		726642AE2E849978003EA325 /* CardAnimationPhase.swift */ = {isa = PBXFileReference; lastKnownFileType = sourcecode.swift; path = CardAnimationPhase.swift; sourceTree = "<group>"; };
		726642B02E849982003EA325 /* BoardLayoutSnapshot.swift */ = {isa = PBXFileReference; lastKnownFileType = sourcecode.swift; path = BoardLayoutSnapshot.swift; sourceTree = "<group>"; };
		726642EE2E85DA48003EA325 /* CampaignStageSelectionView.swift */ = {isa = PBXFileReference; lastKnownFileType = sourcecode.swift; path = CampaignStageSelectionView.swift; sourceTree = "<group>"; };
		726642F02E85DA54003EA325 /* DiagnosticsCenterView.swift */ = {isa = PBXFileReference; lastKnownFileType = sourcecode.swift; path = DiagnosticsCenterView.swift; sourceTree = "<group>"; };
		726642F22E85DA73003EA325 /* GameBoardControlRowView.swift */ = {isa = PBXFileReference; lastKnownFileType = sourcecode.swift; path = GameBoardControlRowView.swift; sourceTree = "<group>"; };
		726642F42E85DA84003EA325 /* GameCardAnimationOverlay.swift */ = {isa = PBXFileReference; lastKnownFileType = sourcecode.swift; path = GameCardAnimationOverlay.swift; sourceTree = "<group>"; };
		726642F62E85DA8E003EA325 /* GameHandSectionView.swift */ = {isa = PBXFileReference; lastKnownFileType = sourcecode.swift; path = GameHandSectionView.swift; sourceTree = "<group>"; };
		726642F72E85DA8E003EA325 /* GameMenuActionConfirmationSheet.swift */ = {isa = PBXFileReference; lastKnownFileType = sourcecode.swift; path = GameMenuActionConfirmationSheet.swift; sourceTree = "<group>"; };
		726642FA2E85DA9D003EA325 /* GameView+Layout.swift */ = {isa = PBXFileReference; lastKnownFileType = sourcecode.swift; path = "GameView+Layout.swift"; sourceTree = "<group>"; };
		726642FB2E85DA9D003EA325 /* GameView+Logging.swift */ = {isa = PBXFileReference; lastKnownFileType = sourcecode.swift; path = "GameView+Logging.swift"; sourceTree = "<group>"; };
		726642FC2E85DA9D003EA325 /* GameView+Observers.swift */ = {isa = PBXFileReference; lastKnownFileType = sourcecode.swift; path = "GameView+Observers.swift"; sourceTree = "<group>"; };
		726642FD2E85DA9D003EA325 /* GameViewPreferenceKeys.swift */ = {isa = PBXFileReference; lastKnownFileType = sourcecode.swift; path = GameViewPreferenceKeys.swift; sourceTree = "<group>"; };
		726642FE2E85DA9D003EA325 /* PauseMenuView.swift */ = {isa = PBXFileReference; lastKnownFileType = sourcecode.swift; path = PauseMenuView.swift; sourceTree = "<group>"; };
		726642FF2E85DA9D003EA325 /* PenaltyBannerView.swift */ = {isa = PBXFileReference; lastKnownFileType = sourcecode.swift; path = PenaltyBannerView.swift; sourceTree = "<group>"; };
		726643062E85DAD1003EA325 /* CampaignProgressStore.swift */ = {isa = PBXFileReference; lastKnownFileType = sourcecode.swift; path = CampaignProgressStore.swift; sourceTree = "<group>"; };
		729791552E7EB35900361471 /* LaunchScreen.storyboard */ = {isa = PBXFileReference; lastKnownFileType = file.storyboard; path = LaunchScreen.storyboard; sourceTree = "<group>"; };
		729791982E7F499700361471 /* DealtCard.swift */ = {isa = PBXFileReference; lastKnownFileType = sourcecode.swift; path = DealtCard.swift; sourceTree = "<group>"; };
		729791992E7F499700361471 /* GameScenePalette.swift */ = {isa = PBXFileReference; lastKnownFileType = sourcecode.swift; path = GameScenePalette.swift; sourceTree = "<group>"; };
		72CF37C92E7161160093B180 /* MonoKnightApp.app */ = {isa = PBXFileReference; explicitFileType = wrapper.application; includeInIndex = 0; path = MonoKnightApp.app; sourceTree = BUILT_PRODUCTS_DIR; };
		72CF37D52E7161170093B180 /* MonoKnightAppTests.xctest */ = {isa = PBXFileReference; explicitFileType = wrapper.cfbundle; includeInIndex = 0; path = MonoKnightAppTests.xctest; sourceTree = BUILT_PRODUCTS_DIR; };
		72CF37DF2E7161170093B180 /* MonoKnightAppUITests.xctest */ = {isa = PBXFileReference; explicitFileType = wrapper.cfbundle; includeInIndex = 0; path = MonoKnightAppUITests.xctest; sourceTree = BUILT_PRODUCTS_DIR; };
		72CF37F12E7162E20093B180 /* DebugLog.swift */ = {isa = PBXFileReference; lastKnownFileType = sourcecode.swift; path = DebugLog.swift; sourceTree = "<group>"; };
		72CF37F22E7162E20093B180 /* Deck.swift */ = {isa = PBXFileReference; lastKnownFileType = sourcecode.swift; path = Deck.swift; sourceTree = "<group>"; };
		72CF37F32E7162E20093B180 /* GameCore.swift */ = {isa = PBXFileReference; lastKnownFileType = sourcecode.swift; path = GameCore.swift; sourceTree = "<group>"; };
		72CF37F42E7162E20093B180 /* GameScene.swift */ = {isa = PBXFileReference; lastKnownFileType = sourcecode.swift; path = GameScene.swift; sourceTree = "<group>"; };
		72CF37F52E7162E20093B180 /* Models.swift */ = {isa = PBXFileReference; lastKnownFileType = sourcecode.swift; path = Models.swift; sourceTree = "<group>"; };
		72CF37F62E7162E20093B180 /* MoveCard.swift */ = {isa = PBXFileReference; lastKnownFileType = sourcecode.swift; path = MoveCard.swift; sourceTree = "<group>"; };
		72CF37F82E7162E20093B180 /* AdsService.swift */ = {isa = PBXFileReference; lastKnownFileType = sourcecode.swift; path = AdsService.swift; sourceTree = "<group>"; };
		72CF37F92E7162E20093B180 /* ErrorReporter.swift */ = {isa = PBXFileReference; lastKnownFileType = sourcecode.swift; path = ErrorReporter.swift; sourceTree = "<group>"; };
		72CF37FA2E7162E20093B180 /* GameCenterService.swift */ = {isa = PBXFileReference; lastKnownFileType = sourcecode.swift; path = GameCenterService.swift; sourceTree = "<group>"; };
		72CF37FB2E7162E20093B180 /* ServiceMocks.swift */ = {isa = PBXFileReference; lastKnownFileType = sourcecode.swift; path = ServiceMocks.swift; sourceTree = "<group>"; };
		72CF37FC2E7162E20093B180 /* StoreService.swift */ = {isa = PBXFileReference; lastKnownFileType = sourcecode.swift; path = StoreService.swift; sourceTree = "<group>"; };
		72CF37FE2E7162E20093B180 /* ConsentFlowView.swift */ = {isa = PBXFileReference; lastKnownFileType = sourcecode.swift; path = ConsentFlowView.swift; sourceTree = "<group>"; };
		72CF38002E7162E20093B180 /* GameView.swift */ = {isa = PBXFileReference; lastKnownFileType = sourcecode.swift; path = GameView.swift; sourceTree = "<group>"; };
		72CF38012E7162E20093B180 /* ResultView.swift */ = {isa = PBXFileReference; lastKnownFileType = sourcecode.swift; path = ResultView.swift; sourceTree = "<group>"; };
		72CF38022E7162E20093B180 /* RootView.swift */ = {isa = PBXFileReference; lastKnownFileType = sourcecode.swift; path = RootView.swift; sourceTree = "<group>"; };
		72CF38032E7162E20093B180 /* SettingsView.swift */ = {isa = PBXFileReference; lastKnownFileType = sourcecode.swift; path = SettingsView.swift; sourceTree = "<group>"; };
		72F554A72E7E40100098A1B0 /* MoveCardIllustrationView.swift */ = {isa = PBXFileReference; lastKnownFileType = sourcecode.swift; path = MoveCardIllustrationView.swift; sourceTree = "<group>"; };
		72F554A92E7E60850098A1B0 /* HowToPlayView.swift */ = {isa = PBXFileReference; lastKnownFileType = sourcecode.swift; path = HowToPlayView.swift; sourceTree = "<group>"; };
		72F554AA2E7E60850098A1B0 /* AppTheme.swift */ = {isa = PBXFileReference; lastKnownFileType = sourcecode.swift; path = AppTheme.swift; sourceTree = "<group>"; };
		E765BB522E83469000C78E4F /* Local.xcconfig */ = {isa = PBXFileReference; lastKnownFileType = text.xcconfig; path = Local.xcconfig; sourceTree = "<group>"; };
/* End PBXFileReference section */

/* Begin PBXFileSystemSynchronizedRootGroup section */
		72CF37CA2E7161160093B180 /* MonoKnightApp */ = {isa = PBXFileSystemSynchronizedRootGroup; explicitFileTypes = {}; explicitFolders = (); path = MonoKnightApp; sourceTree = "<group>"; };
		72CF37D82E7161170093B180 /* MonoKnightAppTests */ = {isa = PBXFileSystemSynchronizedRootGroup; explicitFileTypes = {}; explicitFolders = (); path = MonoKnightAppTests; sourceTree = "<group>"; };
		72CF37E22E7161170093B180 /* MonoKnightAppUITests */ = {isa = PBXFileSystemSynchronizedRootGroup; explicitFileTypes = {}; explicitFolders = (); path = MonoKnightAppUITests; sourceTree = "<group>"; };
/* End PBXFileSystemSynchronizedRootGroup section */

/* Begin PBXFrameworksBuildPhase section */
		72CF37C62E7161160093B180 /* Frameworks */ = {
			isa = PBXFrameworksBuildPhase;
			buildActionMask = 2147483647;
			files = (
				7266422E2E81477E003EA325 /* Game in Frameworks */,
				7266422D2E81477E003EA325 /* Game in Frameworks */,
				726642682E8409A1003EA325 /* StoreKit.framework in Frameworks */,
				7266422C2E8146C4003EA325 /* Game in Frameworks */,
				72CF38182E7252460093B180 /* GoogleMobileAds in Frameworks */,
				72CF38192E90AA000093B180 /* SharedSupport in Frameworks */,
			);
			runOnlyForDeploymentPostprocessing = 0;
		};
		72CF37D22E7161170093B180 /* Frameworks */ = {
			isa = PBXFrameworksBuildPhase;
			buildActionMask = 2147483647;
			files = (
			);
			runOnlyForDeploymentPostprocessing = 0;
		};
		72CF37DC2E7161170093B180 /* Frameworks */ = {
			isa = PBXFrameworksBuildPhase;
			buildActionMask = 2147483647;
			files = (
			);
			runOnlyForDeploymentPostprocessing = 0;
		};
/* End PBXFrameworksBuildPhase section */

/* Begin PBXGroup section */
		000000000000000000000006 = {
			isa = PBXGroup;
			children = (
				E765BB522E83469000C78E4F /* Local.xcconfig */,
				729791552E7EB35900361471 /* LaunchScreen.storyboard */,
				000000000000000000000007,
				72CF37CA2E7161160093B180 /* MonoKnightApp */,
				72CF37D82E7161170093B180 /* MonoKnightAppTests */,
				72CF37E22E7161170093B180 /* MonoKnightAppUITests */,
				000000000000000000000008 /* Products */,
				7266422A2E81457B003EA325 /* Frameworks */,
			);
			sourceTree = "<group>";
		};
		000000000000000000000007 = {
			isa = PBXGroup;
			children = (
				000000000000000000000004 /* MonoKnightApp.swift */,
				72CF37F72E7162E20093B180 /* Game */,
				72CF381B2E90AA000093B180 /* SharedSupport */,
				72CF37FD2E7162E20093B180 /* Services */,
				72CF38042E7162E20093B180 /* UI */,
				000000000000000000000009 /* Info.plist */,
			);
			sourceTree = "<group>";
		};
		000000000000000000000008 /* Products */ = {
			isa = PBXGroup;
			children = (
				000000000000000000000003 /* MonoKnight.app */,
				72CF37C92E7161160093B180 /* MonoKnightApp.app */,
				72CF37D52E7161170093B180 /* MonoKnightAppTests.xctest */,
				72CF37DF2E7161170093B180 /* MonoKnightAppUITests.xctest */,
			);
			name = Products;
			sourceTree = "<group>";
		};
		7266422A2E81457B003EA325 /* Frameworks */ = {
			isa = PBXGroup;
			children = (
				726642672E8409A1003EA325 /* StoreKit.framework */,
			);
			name = Frameworks;
			sourceTree = "<group>";
		};
		72CF37F72E7162E20093B180 /* Game */ = {
			isa = PBXGroup;
			children = (
				729791982E7F499700361471 /* DealtCard.swift */,
				72CF37F22E7162E20093B180 /* Deck.swift */,
				72CF37F32E7162E20093B180 /* GameCore.swift */,
				726642282E813A69003EA325 /* GameMode.swift */,
				72CF37F42E7162E20093B180 /* GameScene.swift */,
				729791992E7F499700361471 /* GameScenePalette.swift */,
				72CF37F52E7162E20093B180 /* Models.swift */,
				72CF37F62E7162E20093B180 /* MoveCard.swift */,
			);
			path = Game;
			sourceTree = "<group>";
		};
		72CF37FD2E7162E20093B180 /* Services */ = {
			isa = PBXGroup;
			children = (
				726642972E848E91003EA325 /* AdsConsentCoordinator.swift */,
				72CF37F82E7162E20093B180 /* AdsService.swift */,
				726643062E85DAD1003EA325 /* CampaignProgressStore.swift */,
				72CF37F92E7162E20093B180 /* ErrorReporter.swift */,
				726642392E823939003EA325 /* FreeModeRegulationStore.swift */,
				72CF37FA2E7162E20093B180 /* GameCenterService.swift */,
				726642992E848E9A003EA325 /* InterstitialAdController.swift */,
				72185F532E84B4680057458C /* ServiceInterfaces.swift */,
				72CF37FB2E7162E20093B180 /* ServiceMocks.swift */,
				72CF37FC2E7162E20093B180 /* StoreService.swift */,
			);
			path = Services;
			sourceTree = "<group>";
		};
		72CF38042E7162E20093B180 /* UI */ = {
			isa = PBXGroup;
			children = (
				726642B02E849982003EA325 /* BoardLayoutSnapshot.swift */,
				726642EE2E85DA48003EA325 /* CampaignStageSelectionView.swift */,
				726642AE2E849978003EA325 /* CardAnimationPhase.swift */,
				72CF37FE2E7162E20093B180 /* ConsentFlowView.swift */,
				726642F02E85DA54003EA325 /* DiagnosticsCenterView.swift */,
				726642532E826754003EA325 /* Environment+BaseSafeAreaInsets.swift */,
				726642472E826487003EA325 /* Environment+TopOverlayHeight.swift */,
				7266423B2E82397D003EA325 /* FreeModeRegulationView.swift */,
				72185F552E84B4AF0057458C /* GameBoardBridgeViewModel.swift */,
				726642F22E85DA73003EA325 /* GameBoardControlRowView.swift */,
				726642F42E85DA84003EA325 /* GameCardAnimationOverlay.swift */,
				726642F62E85DA8E003EA325 /* GameHandSectionView.swift */,
				726642F72E85DA8E003EA325 /* GameMenuActionConfirmationSheet.swift */,
				72CF38002E7162E20093B180 /* GameView.swift */,
				726642FA2E85DA9D003EA325 /* GameView+Layout.swift */,
				726642FB2E85DA9D003EA325 /* GameView+Logging.swift */,
				726642FC2E85DA9D003EA325 /* GameView+Observers.swift */,
				72185F572E84B4B80057458C /* GameViewLayoutSupport.swift */,
				7266429D2E849763003EA325 /* GameViewModel.swift */,
				726642FD2E85DA9D003EA325 /* GameViewPreferenceKeys.swift */,
				72F554A92E7E60850098A1B0 /* HowToPlayView.swift */,
				72F554A72E7E40100098A1B0 /* MoveCardIllustrationView.swift */,
				726642FE2E85DA9D003EA325 /* PauseMenuView.swift */,
				726642FF2E85DA9D003EA325 /* PenaltyBannerView.swift */,
				72CF38012E7162E20093B180 /* ResultView.swift */,
				72CF38022E7162E20093B180 /* RootView.swift */,
				72CF38032E7162E20093B180 /* SettingsView.swift */,
				72F554AB2E7E60850098A1B0 /* Theme */,
			);
			path = UI;
			sourceTree = "<group>";
		};
		72CF381B2E90AA000093B180 /* SharedSupport */ = {
			isa = PBXGroup;
			children = (
				72185F512E84B44F0057458C /* CrashFeedbackCollector.swift */,
				72CF37F12E7162E20093B180 /* DebugLog.swift */,
			);
			name = SharedSupport;
			path = SharedSupport/Sources/SharedSupport;
			sourceTree = "<group>";
		};
		72F554AB2E7E60850098A1B0 /* Theme */ = {
			isa = PBXGroup;
			children = (
				72F554AA2E7E60850098A1B0 /* AppTheme.swift */,
			);
			path = Theme;
			sourceTree = "<group>";
		};
/* End PBXGroup section */

/* Begin PBXNativeTarget section */
		000000000000000000000002 /* MonoKnight */ = {
			isa = PBXNativeTarget;
			buildConfigurationList = 00000000000000000000000D /* Build configuration list for PBXNativeTarget "MonoKnight" */;
			buildPhases = (
				00000000000000000000000A /* Sources */,
				00000000000000000000000B /* Resources */,
			);
			buildRules = (
			);
			dependencies = (
			);
			name = MonoKnight;
			productName = MonoKnight;
			productReference = 000000000000000000000003 /* MonoKnight.app */;
			productType = "com.apple.product-type.application";
		};
		72CF37C82E7161160093B180 /* MonoKnightApp */ = {
			isa = PBXNativeTarget;
			buildConfigurationList = 72CF37ED2E7161170093B180 /* Build configuration list for PBXNativeTarget "MonoKnightApp" */;
			buildPhases = (
				72CF37C52E7161160093B180 /* Sources */,
				72CF37C62E7161160093B180 /* Frameworks */,
				72CF37C72E7161160093B180 /* Resources */,
			);
			buildRules = (
			);
			dependencies = (
			);
			fileSystemSynchronizedGroups = (
				72CF37CA2E7161160093B180 /* MonoKnightApp */,
			);
			name = MonoKnightApp;
			packageProductDependencies = (
				72CF38172E7252460093B180 /* GoogleMobileAds */,
				7297918A2E7F43F300361471 /* Game */,
				729791A72E7F569900361471 /* Game */,
				7266422B2E8146C4003EA325 /* Game */,
				72CF381A2E90AA000093B180 /* SharedSupport */,
			);
			productName = MonoKnightApp;
			productReference = 72CF37C92E7161160093B180 /* MonoKnightApp.app */;
			productType = "com.apple.product-type.application";
		};
		72CF37D42E7161170093B180 /* MonoKnightAppTests */ = {
			isa = PBXNativeTarget;
			buildConfigurationList = 72CF37EE2E7161170093B180 /* Build configuration list for PBXNativeTarget "MonoKnightAppTests" */;
			buildPhases = (
				72CF37D12E7161170093B180 /* Sources */,
				72CF37D22E7161170093B180 /* Frameworks */,
				72CF37D32E7161170093B180 /* Resources */,
			);
			buildRules = (
			);
			dependencies = (
				72CF37D72E7161170093B180 /* PBXTargetDependency */,
			);
			fileSystemSynchronizedGroups = (
				72CF37D82E7161170093B180 /* MonoKnightAppTests */,
			);
			name = MonoKnightAppTests;
			packageProductDependencies = (
			);
			productName = MonoKnightAppTests;
			productReference = 72CF37D52E7161170093B180 /* MonoKnightAppTests.xctest */;
			productType = "com.apple.product-type.bundle.unit-test";
		};
		72CF37DE2E7161170093B180 /* MonoKnightAppUITests */ = {
			isa = PBXNativeTarget;
			buildConfigurationList = 72CF37EF2E7161170093B180 /* Build configuration list for PBXNativeTarget "MonoKnightAppUITests" */;
			buildPhases = (
				72CF37DB2E7161170093B180 /* Sources */,
				72CF37DC2E7161170093B180 /* Frameworks */,
				72CF37DD2E7161170093B180 /* Resources */,
			);
			buildRules = (
			);
			dependencies = (
				72CF37E12E7161170093B180 /* PBXTargetDependency */,
			);
			fileSystemSynchronizedGroups = (
				72CF37E22E7161170093B180 /* MonoKnightAppUITests */,
			);
			name = MonoKnightAppUITests;
			packageProductDependencies = (
			);
			productName = MonoKnightAppUITests;
			productReference = 72CF37DF2E7161170093B180 /* MonoKnightAppUITests.xctest */;
			productType = "com.apple.product-type.bundle.ui-testing";
		};
/* End PBXNativeTarget section */

/* Begin PBXProject section */
		000000000000000000000001 /* Project object */ = {
			isa = PBXProject;
			attributes = {
				BuildIndependentTargetsInParallel = YES;
				LastSwiftUpdateCheck = 1640;
				LastUpgradeCheck = 1500;
				TargetAttributes = {
					72CF37C82E7161160093B180 = {
						CreatedOnToolsVersion = 16.4;
					};
					72CF37D42E7161170093B180 = {
						CreatedOnToolsVersion = 16.4;
						TestTargetID = 72CF37C82E7161160093B180;
					};
					72CF37DE2E7161170093B180 = {
						CreatedOnToolsVersion = 16.4;
						TestTargetID = 72CF37C82E7161160093B180;
					};
				};
			};
			buildConfigurationList = 00000000000000000000000C /* Build configuration list for PBXProject "MonoKnight" */;
			compatibilityVersion = "Xcode 15.0";
			developmentRegion = en;
			hasScannedForEncodings = 0;
			knownRegions = (
				en,
				Base,
			);
			mainGroup = 000000000000000000000006;
			packageReferences = (
				72CF38162E7252460093B180 /* XCRemoteSwiftPackageReference "swift-package-manager-google-mobile-ads" */,
				729791A62E7F569900361471 /* XCLocalSwiftPackageReference "../MonoKnight" */,
			);
			productRefGroup = 000000000000000000000008 /* Products */;
			projectDirPath = "";
			projectRoot = "";
			targets = (
				000000000000000000000002 /* MonoKnight */,
				72CF37C82E7161160093B180 /* MonoKnightApp */,
				72CF37D42E7161170093B180 /* MonoKnightAppTests */,
				72CF37DE2E7161170093B180 /* MonoKnightAppUITests */,
			);
		};
/* End PBXProject section */

/* Begin PBXResourcesBuildPhase section */
		00000000000000000000000B /* Resources */ = {
			isa = PBXResourcesBuildPhase;
			buildActionMask = 2147483647;
			files = (
			);
			runOnlyForDeploymentPostprocessing = 0;
		};
		72CF37C72E7161160093B180 /* Resources */ = {
			isa = PBXResourcesBuildPhase;
			buildActionMask = 2147483647;
			files = (
				729791562E7EB35900361471 /* LaunchScreen.storyboard in Resources */,
				E765BB532E83469000C78E4F /* Local.xcconfig in Resources */,
			);
			runOnlyForDeploymentPostprocessing = 0;
		};
		72CF37D32E7161170093B180 /* Resources */ = {
			isa = PBXResourcesBuildPhase;
			buildActionMask = 2147483647;
			files = (
			);
			runOnlyForDeploymentPostprocessing = 0;
		};
		72CF37DD2E7161170093B180 /* Resources */ = {
			isa = PBXResourcesBuildPhase;
			buildActionMask = 2147483647;
			files = (
			);
			runOnlyForDeploymentPostprocessing = 0;
		};
/* End PBXResourcesBuildPhase section */

/* Begin PBXSourcesBuildPhase section */
		00000000000000000000000A /* Sources */ = {
			isa = PBXSourcesBuildPhase;
			buildActionMask = 2147483647;
			files = (
			);
			runOnlyForDeploymentPostprocessing = 0;
		};
		72CF37C52E7161160093B180 /* Sources */ = {
			isa = PBXSourcesBuildPhase;
			buildActionMask = 2147483647;
			files = (
				72CF38052E7162E20093B180 /* ErrorReporter.swift in Sources */,
				72CF38072E7162E20093B180 /* GameView.swift in Sources */,
				726643002E85DA9D003EA325 /* PauseMenuView.swift in Sources */,
				726643012E85DA9D003EA325 /* PenaltyBannerView.swift in Sources */,
				726643022E85DA9D003EA325 /* GameView+Observers.swift in Sources */,
				726643032E85DA9D003EA325 /* GameView+Logging.swift in Sources */,
				726643042E85DA9D003EA325 /* GameView+Layout.swift in Sources */,
				726643052E85DA9D003EA325 /* GameViewPreferenceKeys.swift in Sources */,
				72185F592E84B50F0057458C /* DebugLog.swift in Sources */,
				7266429A2E848E9A003EA325 /* InterstitialAdController.swift in Sources */,
				72CF380B2E7162E20093B180 /* AdsService.swift in Sources */,
				72185F522E84B44F0057458C /* CrashFeedbackCollector.swift in Sources */,
				726642AF2E849978003EA325 /* CardAnimationPhase.swift in Sources */,
				72CF380C2E7162E20093B180 /* SettingsView.swift in Sources */,
				72CF380E2E7162E20093B180 /* ServiceMocks.swift in Sources */,
				726642F32E85DA73003EA325 /* GameBoardControlRowView.swift in Sources */,
				726642F82E85DA8E003EA325 /* GameMenuActionConfirmationSheet.swift in Sources */,
				726642F92E85DA8E003EA325 /* GameHandSectionView.swift in Sources */,
				72185F562E84B4AF0057458C /* GameBoardBridgeViewModel.swift in Sources */,
				72185F542E84B4680057458C /* ServiceInterfaces.swift in Sources */,
				7266429E2E849763003EA325 /* GameViewModel.swift in Sources */,
				726642982E848E91003EA325 /* AdsConsentCoordinator.swift in Sources */,
				72F554A82E7E40100098A1B0 /* MoveCardIllustrationView.swift in Sources */,
				726642F52E85DA84003EA325 /* GameCardAnimationOverlay.swift in Sources */,
				7266423A2E823939003EA325 /* FreeModeRegulationStore.swift in Sources */,
				72CF380F2E7162E20093B180 /* ResultView.swift in Sources */,
				72CF38102E7162E20093B180 /* ConsentFlowView.swift in Sources */,
				726642542E826754003EA325 /* Environment+BaseSafeAreaInsets.swift in Sources */,
				72185F582E84B4B80057458C /* GameViewLayoutSupport.swift in Sources */,
				726642B12E849982003EA325 /* BoardLayoutSnapshot.swift in Sources */,
				726642F12E85DA54003EA325 /* DiagnosticsCenterView.swift in Sources */,
				72CF38112E7162E20093B180 /* GameCenterService.swift in Sources */,
				72CF38122E7162E20093B180 /* StoreService.swift in Sources */,
				72CF38142E7162E20093B180 /* RootView.swift in Sources */,
				7266423C2E82397D003EA325 /* FreeModeRegulationView.swift in Sources */,
				72CF37F02E71616C0093B180 /* MonoKnightApp.swift in Sources */,
				726643072E85DAD1003EA325 /* CampaignProgressStore.swift in Sources */,
				72F554AC2E7E60850098A1B0 /* HowToPlayView.swift in Sources */,
				72F554AD2E7E60850098A1B0 /* AppTheme.swift in Sources */,
				726642EF2E85DA48003EA325 /* CampaignStageSelectionView.swift in Sources */,
				726642482E826487003EA325 /* Environment+TopOverlayHeight.swift in Sources */,
			);
			runOnlyForDeploymentPostprocessing = 0;
		};
		72CF37D12E7161170093B180 /* Sources */ = {
			isa = PBXSourcesBuildPhase;
			buildActionMask = 2147483647;
			files = (
			);
			runOnlyForDeploymentPostprocessing = 0;
		};
		72CF37DB2E7161170093B180 /* Sources */ = {
			isa = PBXSourcesBuildPhase;
			buildActionMask = 2147483647;
			files = (
			);
			runOnlyForDeploymentPostprocessing = 0;
		};
/* End PBXSourcesBuildPhase section */

/* Begin PBXTargetDependency section */
		72CF37D72E7161170093B180 /* PBXTargetDependency */ = {
			isa = PBXTargetDependency;
			target = 72CF37C82E7161160093B180 /* MonoKnightApp */;
			targetProxy = 72CF37D62E7161170093B180 /* PBXContainerItemProxy */;
		};
		72CF37E12E7161170093B180 /* PBXTargetDependency */ = {
			isa = PBXTargetDependency;
			target = 72CF37C82E7161160093B180 /* MonoKnightApp */;
			targetProxy = 72CF37E02E7161170093B180 /* PBXContainerItemProxy */;
		};
/* End PBXTargetDependency section */

/* Begin XCBuildConfiguration section */
		00000000000000000000000E /* Debug */ = {
			isa = XCBuildConfiguration;
			buildSettings = {
				INFOPLIST_FILE = Info.plist;
				PRODUCT_BUNDLE_IDENTIFIER = com.koki.monoknight;
				PRODUCT_NAME = "$(TARGET_NAME)";
				SWIFT_VERSION = 5.0;
				TARGETED_DEVICE_FAMILY = 1;
			};
			name = Debug;
		};
		00000000000000000000000F /* Release */ = {
			isa = XCBuildConfiguration;
			buildSettings = {
				INFOPLIST_FILE = Info.plist;
				PRODUCT_BUNDLE_IDENTIFIER = com.koki.monoknight;
				PRODUCT_NAME = "$(TARGET_NAME)";
				SWIFT_VERSION = 5.0;
				TARGETED_DEVICE_FAMILY = 1;
			};
			name = Release;
		};
		000000000000000000000010 /* Debug */ = {
			isa = XCBuildConfiguration;
			buildSettings = {
				DEVELOPMENT_TEAM = 5TAKV37ZM4;
			};
			name = Debug;
		};
		000000000000000000000011 /* Release */ = {
			isa = XCBuildConfiguration;
			buildSettings = {
				DEVELOPMENT_TEAM = 5TAKV37ZM4;
			};
			name = Release;
		};
		72CF37E72E7161170093B180 /* Debug */ = {
			isa = XCBuildConfiguration;
			baseConfigurationReference = E765BB522E83469000C78E4F /* Local.xcconfig */;
			buildSettings = {
				ALWAYS_SEARCH_USER_PATHS = NO;
				ASSETCATALOG_COMPILER_APPICON_NAME = AppIcon;
				ASSETCATALOG_COMPILER_GENERATE_SWIFT_ASSET_SYMBOL_EXTENSIONS = YES;
				ASSETCATALOG_COMPILER_GLOBAL_ACCENT_COLOR_NAME = AccentColor;
				CLANG_ANALYZER_NONNULL = YES;
				CLANG_ANALYZER_NUMBER_OBJECT_CONVERSION = YES_AGGRESSIVE;
				CLANG_CXX_LANGUAGE_STANDARD = "gnu++20";
				CLANG_ENABLE_MODULES = YES;
				CLANG_ENABLE_OBJC_ARC = YES;
				CLANG_ENABLE_OBJC_WEAK = YES;
				CLANG_WARN_BLOCK_CAPTURE_AUTORELEASING = YES;
				CLANG_WARN_BOOL_CONVERSION = YES;
				CLANG_WARN_COMMA = YES;
				CLANG_WARN_CONSTANT_CONVERSION = YES;
				CLANG_WARN_DEPRECATED_OBJC_IMPLEMENTATIONS = YES;
				CLANG_WARN_DIRECT_OBJC_ISA_USAGE = YES_ERROR;
				CLANG_WARN_DOCUMENTATION_COMMENTS = YES;
				CLANG_WARN_EMPTY_BODY = YES;
				CLANG_WARN_ENUM_CONVERSION = YES;
				CLANG_WARN_INFINITE_RECURSION = YES;
				CLANG_WARN_INT_CONVERSION = YES;
				CLANG_WARN_NON_LITERAL_NULL_CONVERSION = YES;
				CLANG_WARN_OBJC_IMPLICIT_RETAIN_SELF = YES;
				CLANG_WARN_OBJC_LITERAL_CONVERSION = YES;
				CLANG_WARN_OBJC_ROOT_CLASS = YES_ERROR;
				CLANG_WARN_QUOTED_INCLUDE_IN_FRAMEWORK_HEADER = YES;
				CLANG_WARN_RANGE_LOOP_ANALYSIS = YES;
				CLANG_WARN_STRICT_PROTOTYPES = YES;
				CLANG_WARN_SUSPICIOUS_MOVE = YES;
				CLANG_WARN_UNGUARDED_AVAILABILITY = YES_AGGRESSIVE;
				CLANG_WARN_UNREACHABLE_CODE = YES;
				CLANG_WARN__DUPLICATE_METHOD_MATCH = YES;
				CODE_SIGN_ENTITLEMENTS = MonoKnightApp/MonoKnightApp.entitlements;
				CODE_SIGN_STYLE = Automatic;
				COPY_PHASE_STRIP = NO;
				CURRENT_PROJECT_VERSION = 1;
				DEBUG_INFORMATION_FORMAT = dwarf;
				DEVELOPMENT_TEAM = 5TAKV37ZM4;
				ENABLE_PREVIEWS = YES;
				ENABLE_STRICT_OBJC_MSGSEND = YES;
				ENABLE_TESTABILITY = YES;
				ENABLE_USER_SCRIPT_SANDBOXING = YES;
				GCC_C_LANGUAGE_STANDARD = gnu17;
				GCC_DYNAMIC_NO_PIC = NO;
				GCC_NO_COMMON_BLOCKS = YES;
				GCC_OPTIMIZATION_LEVEL = 0;
				GCC_PREPROCESSOR_DEFINITIONS = (
					"DEBUG=1",
					"$(inherited)",
				);
				GCC_WARN_64_TO_32_BIT_CONVERSION = YES;
				GCC_WARN_ABOUT_RETURN_TYPE = YES_ERROR;
				GCC_WARN_UNDECLARED_SELECTOR = YES;
				GCC_WARN_UNINITIALIZED_AUTOS = YES_AGGRESSIVE;
				GCC_WARN_UNUSED_FUNCTION = YES;
				GCC_WARN_UNUSED_VARIABLE = YES;
				GENERATE_INFOPLIST_FILE = YES;
				"INFOPLIST_FILE[sdk=*]" = Info.plist;
				INFOPLIST_KEY_CFBundleDisplayName = MonoKnight;
				INFOPLIST_KEY_ITSAppUsesNonExemptEncryption = NO;
				INFOPLIST_KEY_LSApplicationCategoryType = "public.app-category.strategy-games";
				INFOPLIST_KEY_NSUserTrackingUsageDescription = "広告の最適化と効果測定のためにデバイスのトラッキングを利用します。";
				INFOPLIST_KEY_UIApplicationSceneManifest_Generation = YES;
				INFOPLIST_KEY_UIApplicationSupportsIndirectInputEvents = YES;
				INFOPLIST_KEY_UILaunchScreen_Generation = YES;
				INFOPLIST_KEY_UIRequiresFullScreen = YES;
				INFOPLIST_KEY_UISupportedInterfaceOrientations = UIInterfaceOrientationPortrait;
				IPHONEOS_DEPLOYMENT_TARGET = 18.5;
				LD_RUNPATH_SEARCH_PATHS = (
					"$(inherited)",
					"@executable_path/Frameworks",
				);
				LOCALIZATION_PREFERS_STRING_CATALOGS = YES;
				MARKETING_VERSION = 1.0;
				MTL_ENABLE_DEBUG_INFO = INCLUDE_SOURCE;
				MTL_FAST_MATH = YES;
				ONLY_ACTIVE_ARCH = YES;
				PRODUCT_BUNDLE_IDENTIFIER = com.kokisato.MonoKnightApp;
				PRODUCT_NAME = "$(TARGET_NAME)";
				SDKROOT = iphoneos;
				SWIFT_ACTIVE_COMPILATION_CONDITIONS = "DEBUG $(inherited)";
				SWIFT_EMIT_LOC_STRINGS = YES;
				SWIFT_OPTIMIZATION_LEVEL = "-Onone";
				SWIFT_VERSION = 5.0;
				TARGETED_DEVICE_FAMILY = "1,2";
			};
			name = Debug;
		};
		72CF37E82E7161170093B180 /* Release */ = {
			isa = XCBuildConfiguration;
			baseConfigurationReference = E765BB522E83469000C78E4F /* Local.xcconfig */;
			buildSettings = {
				ALWAYS_SEARCH_USER_PATHS = NO;
				ASSETCATALOG_COMPILER_APPICON_NAME = AppIcon;
				ASSETCATALOG_COMPILER_GENERATE_SWIFT_ASSET_SYMBOL_EXTENSIONS = YES;
				ASSETCATALOG_COMPILER_GLOBAL_ACCENT_COLOR_NAME = AccentColor;
				CLANG_ANALYZER_NONNULL = YES;
				CLANG_ANALYZER_NUMBER_OBJECT_CONVERSION = YES_AGGRESSIVE;
				CLANG_CXX_LANGUAGE_STANDARD = "gnu++20";
				CLANG_ENABLE_MODULES = YES;
				CLANG_ENABLE_OBJC_ARC = YES;
				CLANG_ENABLE_OBJC_WEAK = YES;
				CLANG_WARN_BLOCK_CAPTURE_AUTORELEASING = YES;
				CLANG_WARN_BOOL_CONVERSION = YES;
				CLANG_WARN_COMMA = YES;
				CLANG_WARN_CONSTANT_CONVERSION = YES;
				CLANG_WARN_DEPRECATED_OBJC_IMPLEMENTATIONS = YES;
				CLANG_WARN_DIRECT_OBJC_ISA_USAGE = YES_ERROR;
				CLANG_WARN_DOCUMENTATION_COMMENTS = YES;
				CLANG_WARN_EMPTY_BODY = YES;
				CLANG_WARN_ENUM_CONVERSION = YES;
				CLANG_WARN_INFINITE_RECURSION = YES;
				CLANG_WARN_INT_CONVERSION = YES;
				CLANG_WARN_NON_LITERAL_NULL_CONVERSION = YES;
				CLANG_WARN_OBJC_IMPLICIT_RETAIN_SELF = YES;
				CLANG_WARN_OBJC_LITERAL_CONVERSION = YES;
				CLANG_WARN_OBJC_ROOT_CLASS = YES_ERROR;
				CLANG_WARN_QUOTED_INCLUDE_IN_FRAMEWORK_HEADER = YES;
				CLANG_WARN_RANGE_LOOP_ANALYSIS = YES;
				CLANG_WARN_STRICT_PROTOTYPES = YES;
				CLANG_WARN_SUSPICIOUS_MOVE = YES;
				CLANG_WARN_UNGUARDED_AVAILABILITY = YES_AGGRESSIVE;
				CLANG_WARN_UNREACHABLE_CODE = YES;
				CLANG_WARN__DUPLICATE_METHOD_MATCH = YES;
				CODE_SIGN_ENTITLEMENTS = MonoKnightApp/MonoKnightApp.entitlements;
				CODE_SIGN_STYLE = Automatic;
				COPY_PHASE_STRIP = NO;
				CURRENT_PROJECT_VERSION = 1;
				DEBUG_INFORMATION_FORMAT = "dwarf-with-dsym";
				DEVELOPMENT_TEAM = 5TAKV37ZM4;
				ENABLE_NS_ASSERTIONS = NO;
				ENABLE_PREVIEWS = YES;
				ENABLE_STRICT_OBJC_MSGSEND = YES;
				ENABLE_USER_SCRIPT_SANDBOXING = YES;
				GCC_C_LANGUAGE_STANDARD = gnu17;
				GCC_NO_COMMON_BLOCKS = YES;
				GCC_WARN_64_TO_32_BIT_CONVERSION = YES;
				GCC_WARN_ABOUT_RETURN_TYPE = YES_ERROR;
				GCC_WARN_UNDECLARED_SELECTOR = YES;
				GCC_WARN_UNINITIALIZED_AUTOS = YES_AGGRESSIVE;
				GCC_WARN_UNUSED_FUNCTION = YES;
				GCC_WARN_UNUSED_VARIABLE = YES;
				GENERATE_INFOPLIST_FILE = YES;
				"INFOPLIST_FILE[sdk=*]" = Info.plist;
				INFOPLIST_KEY_CFBundleDisplayName = MonoKnight;
				INFOPLIST_KEY_ITSAppUsesNonExemptEncryption = NO;
				INFOPLIST_KEY_LSApplicationCategoryType = "public.app-category.strategy-games";
				INFOPLIST_KEY_NSUserTrackingUsageDescription = "広告の最適化と効果測定のためにデバイスのトラッキングを利用します。";
				INFOPLIST_KEY_UIApplicationSceneManifest_Generation = YES;
				INFOPLIST_KEY_UIApplicationSupportsIndirectInputEvents = YES;
				INFOPLIST_KEY_UILaunchScreen_Generation = YES;
				INFOPLIST_KEY_UIRequiresFullScreen = YES;
				INFOPLIST_KEY_UISupportedInterfaceOrientations = UIInterfaceOrientationPortrait;
				IPHONEOS_DEPLOYMENT_TARGET = 18.5;
				LD_RUNPATH_SEARCH_PATHS = (
					"$(inherited)",
					"@executable_path/Frameworks",
				);
				LOCALIZATION_PREFERS_STRING_CATALOGS = YES;
				MARKETING_VERSION = 1.0;
				MTL_ENABLE_DEBUG_INFO = NO;
				MTL_FAST_MATH = YES;
				PRODUCT_BUNDLE_IDENTIFIER = com.kokisato.MonoKnightApp;
				PRODUCT_NAME = "$(TARGET_NAME)";
				SDKROOT = iphoneos;
				SWIFT_COMPILATION_MODE = wholemodule;
				SWIFT_EMIT_LOC_STRINGS = YES;
				SWIFT_VERSION = 5.0;
				TARGETED_DEVICE_FAMILY = "1,2";
				VALIDATE_PRODUCT = YES;
			};
			name = Release;
		};
		72CF37E92E7161170093B180 /* Debug */ = {
			isa = XCBuildConfiguration;
			buildSettings = {
				ALWAYS_SEARCH_USER_PATHS = NO;
				ASSETCATALOG_COMPILER_GENERATE_SWIFT_ASSET_SYMBOL_EXTENSIONS = YES;
				BUNDLE_LOADER = "$(TEST_HOST)";
				CLANG_ANALYZER_NONNULL = YES;
				CLANG_ANALYZER_NUMBER_OBJECT_CONVERSION = YES_AGGRESSIVE;
				CLANG_CXX_LANGUAGE_STANDARD = "gnu++20";
				CLANG_ENABLE_MODULES = YES;
				CLANG_ENABLE_OBJC_ARC = YES;
				CLANG_ENABLE_OBJC_WEAK = YES;
				CLANG_WARN_BLOCK_CAPTURE_AUTORELEASING = YES;
				CLANG_WARN_BOOL_CONVERSION = YES;
				CLANG_WARN_COMMA = YES;
				CLANG_WARN_CONSTANT_CONVERSION = YES;
				CLANG_WARN_DEPRECATED_OBJC_IMPLEMENTATIONS = YES;
				CLANG_WARN_DIRECT_OBJC_ISA_USAGE = YES_ERROR;
				CLANG_WARN_DOCUMENTATION_COMMENTS = YES;
				CLANG_WARN_EMPTY_BODY = YES;
				CLANG_WARN_ENUM_CONVERSION = YES;
				CLANG_WARN_INFINITE_RECURSION = YES;
				CLANG_WARN_INT_CONVERSION = YES;
				CLANG_WARN_NON_LITERAL_NULL_CONVERSION = YES;
				CLANG_WARN_OBJC_IMPLICIT_RETAIN_SELF = YES;
				CLANG_WARN_OBJC_LITERAL_CONVERSION = YES;
				CLANG_WARN_OBJC_ROOT_CLASS = YES_ERROR;
				CLANG_WARN_QUOTED_INCLUDE_IN_FRAMEWORK_HEADER = YES;
				CLANG_WARN_RANGE_LOOP_ANALYSIS = YES;
				CLANG_WARN_STRICT_PROTOTYPES = YES;
				CLANG_WARN_SUSPICIOUS_MOVE = YES;
				CLANG_WARN_UNGUARDED_AVAILABILITY = YES_AGGRESSIVE;
				CLANG_WARN_UNREACHABLE_CODE = YES;
				CLANG_WARN__DUPLICATE_METHOD_MATCH = YES;
				CODE_SIGN_STYLE = Automatic;
				COPY_PHASE_STRIP = NO;
				CURRENT_PROJECT_VERSION = 1;
				DEBUG_INFORMATION_FORMAT = dwarf;
				DEVELOPMENT_TEAM = 5TAKV37ZM4;
				ENABLE_STRICT_OBJC_MSGSEND = YES;
				ENABLE_TESTABILITY = YES;
				ENABLE_USER_SCRIPT_SANDBOXING = YES;
				GCC_C_LANGUAGE_STANDARD = gnu17;
				GCC_DYNAMIC_NO_PIC = NO;
				GCC_NO_COMMON_BLOCKS = YES;
				GCC_OPTIMIZATION_LEVEL = 0;
				GCC_PREPROCESSOR_DEFINITIONS = (
					"DEBUG=1",
					"$(inherited)",
				);
				GCC_WARN_64_TO_32_BIT_CONVERSION = YES;
				GCC_WARN_ABOUT_RETURN_TYPE = YES_ERROR;
				GCC_WARN_UNDECLARED_SELECTOR = YES;
				GCC_WARN_UNINITIALIZED_AUTOS = YES_AGGRESSIVE;
				GCC_WARN_UNUSED_FUNCTION = YES;
				GCC_WARN_UNUSED_VARIABLE = YES;
				GENERATE_INFOPLIST_FILE = YES;
				IPHONEOS_DEPLOYMENT_TARGET = 18.5;
				LOCALIZATION_PREFERS_STRING_CATALOGS = YES;
				MARKETING_VERSION = 1.0;
				MTL_ENABLE_DEBUG_INFO = INCLUDE_SOURCE;
				MTL_FAST_MATH = YES;
				ONLY_ACTIVE_ARCH = YES;
				PRODUCT_BUNDLE_IDENTIFIER = com.kokisato.MonoKnightAppTests;
				PRODUCT_NAME = "$(TARGET_NAME)";
				SDKROOT = iphoneos;
				SWIFT_ACTIVE_COMPILATION_CONDITIONS = "DEBUG $(inherited)";
				SWIFT_EMIT_LOC_STRINGS = NO;
				SWIFT_OPTIMIZATION_LEVEL = "-Onone";
				SWIFT_VERSION = 5.0;
				TARGETED_DEVICE_FAMILY = "1,2";
				TEST_HOST = "$(BUILT_PRODUCTS_DIR)/MonoKnightApp.app/$(BUNDLE_EXECUTABLE_FOLDER_PATH)/MonoKnightApp";
			};
			name = Debug;
		};
		72CF37EA2E7161170093B180 /* Release */ = {
			isa = XCBuildConfiguration;
			buildSettings = {
				ALWAYS_SEARCH_USER_PATHS = NO;
				ASSETCATALOG_COMPILER_GENERATE_SWIFT_ASSET_SYMBOL_EXTENSIONS = YES;
				BUNDLE_LOADER = "$(TEST_HOST)";
				CLANG_ANALYZER_NONNULL = YES;
				CLANG_ANALYZER_NUMBER_OBJECT_CONVERSION = YES_AGGRESSIVE;
				CLANG_CXX_LANGUAGE_STANDARD = "gnu++20";
				CLANG_ENABLE_MODULES = YES;
				CLANG_ENABLE_OBJC_ARC = YES;
				CLANG_ENABLE_OBJC_WEAK = YES;
				CLANG_WARN_BLOCK_CAPTURE_AUTORELEASING = YES;
				CLANG_WARN_BOOL_CONVERSION = YES;
				CLANG_WARN_COMMA = YES;
				CLANG_WARN_CONSTANT_CONVERSION = YES;
				CLANG_WARN_DEPRECATED_OBJC_IMPLEMENTATIONS = YES;
				CLANG_WARN_DIRECT_OBJC_ISA_USAGE = YES_ERROR;
				CLANG_WARN_DOCUMENTATION_COMMENTS = YES;
				CLANG_WARN_EMPTY_BODY = YES;
				CLANG_WARN_ENUM_CONVERSION = YES;
				CLANG_WARN_INFINITE_RECURSION = YES;
				CLANG_WARN_INT_CONVERSION = YES;
				CLANG_WARN_NON_LITERAL_NULL_CONVERSION = YES;
				CLANG_WARN_OBJC_IMPLICIT_RETAIN_SELF = YES;
				CLANG_WARN_OBJC_LITERAL_CONVERSION = YES;
				CLANG_WARN_OBJC_ROOT_CLASS = YES_ERROR;
				CLANG_WARN_QUOTED_INCLUDE_IN_FRAMEWORK_HEADER = YES;
				CLANG_WARN_RANGE_LOOP_ANALYSIS = YES;
				CLANG_WARN_STRICT_PROTOTYPES = YES;
				CLANG_WARN_SUSPICIOUS_MOVE = YES;
				CLANG_WARN_UNGUARDED_AVAILABILITY = YES_AGGRESSIVE;
				CLANG_WARN_UNREACHABLE_CODE = YES;
				CLANG_WARN__DUPLICATE_METHOD_MATCH = YES;
				CODE_SIGN_STYLE = Automatic;
				COPY_PHASE_STRIP = NO;
				CURRENT_PROJECT_VERSION = 1;
				DEBUG_INFORMATION_FORMAT = "dwarf-with-dsym";
				DEVELOPMENT_TEAM = 5TAKV37ZM4;
				ENABLE_NS_ASSERTIONS = NO;
				ENABLE_STRICT_OBJC_MSGSEND = YES;
				ENABLE_USER_SCRIPT_SANDBOXING = YES;
				GCC_C_LANGUAGE_STANDARD = gnu17;
				GCC_NO_COMMON_BLOCKS = YES;
				GCC_WARN_64_TO_32_BIT_CONVERSION = YES;
				GCC_WARN_ABOUT_RETURN_TYPE = YES_ERROR;
				GCC_WARN_UNDECLARED_SELECTOR = YES;
				GCC_WARN_UNINITIALIZED_AUTOS = YES_AGGRESSIVE;
				GCC_WARN_UNUSED_FUNCTION = YES;
				GCC_WARN_UNUSED_VARIABLE = YES;
				GENERATE_INFOPLIST_FILE = YES;
				IPHONEOS_DEPLOYMENT_TARGET = 18.5;
				LOCALIZATION_PREFERS_STRING_CATALOGS = YES;
				MARKETING_VERSION = 1.0;
				MTL_ENABLE_DEBUG_INFO = NO;
				MTL_FAST_MATH = YES;
				PRODUCT_BUNDLE_IDENTIFIER = com.kokisato.MonoKnightAppTests;
				PRODUCT_NAME = "$(TARGET_NAME)";
				SDKROOT = iphoneos;
				SWIFT_COMPILATION_MODE = wholemodule;
				SWIFT_EMIT_LOC_STRINGS = NO;
				SWIFT_VERSION = 5.0;
				TARGETED_DEVICE_FAMILY = "1,2";
				TEST_HOST = "$(BUILT_PRODUCTS_DIR)/MonoKnightApp.app/$(BUNDLE_EXECUTABLE_FOLDER_PATH)/MonoKnightApp";
				VALIDATE_PRODUCT = YES;
			};
			name = Release;
		};
		72CF37EB2E7161170093B180 /* Debug */ = {
			isa = XCBuildConfiguration;
			buildSettings = {
				ALWAYS_SEARCH_USER_PATHS = NO;
				ASSETCATALOG_COMPILER_GENERATE_SWIFT_ASSET_SYMBOL_EXTENSIONS = YES;
				CLANG_ANALYZER_NONNULL = YES;
				CLANG_ANALYZER_NUMBER_OBJECT_CONVERSION = YES_AGGRESSIVE;
				CLANG_CXX_LANGUAGE_STANDARD = "gnu++20";
				CLANG_ENABLE_MODULES = YES;
				CLANG_ENABLE_OBJC_ARC = YES;
				CLANG_ENABLE_OBJC_WEAK = YES;
				CLANG_WARN_BLOCK_CAPTURE_AUTORELEASING = YES;
				CLANG_WARN_BOOL_CONVERSION = YES;
				CLANG_WARN_COMMA = YES;
				CLANG_WARN_CONSTANT_CONVERSION = YES;
				CLANG_WARN_DEPRECATED_OBJC_IMPLEMENTATIONS = YES;
				CLANG_WARN_DIRECT_OBJC_ISA_USAGE = YES_ERROR;
				CLANG_WARN_DOCUMENTATION_COMMENTS = YES;
				CLANG_WARN_EMPTY_BODY = YES;
				CLANG_WARN_ENUM_CONVERSION = YES;
				CLANG_WARN_INFINITE_RECURSION = YES;
				CLANG_WARN_INT_CONVERSION = YES;
				CLANG_WARN_NON_LITERAL_NULL_CONVERSION = YES;
				CLANG_WARN_OBJC_IMPLICIT_RETAIN_SELF = YES;
				CLANG_WARN_OBJC_LITERAL_CONVERSION = YES;
				CLANG_WARN_OBJC_ROOT_CLASS = YES_ERROR;
				CLANG_WARN_QUOTED_INCLUDE_IN_FRAMEWORK_HEADER = YES;
				CLANG_WARN_RANGE_LOOP_ANALYSIS = YES;
				CLANG_WARN_STRICT_PROTOTYPES = YES;
				CLANG_WARN_SUSPICIOUS_MOVE = YES;
				CLANG_WARN_UNGUARDED_AVAILABILITY = YES_AGGRESSIVE;
				CLANG_WARN_UNREACHABLE_CODE = YES;
				CLANG_WARN__DUPLICATE_METHOD_MATCH = YES;
				CODE_SIGN_STYLE = Automatic;
				COPY_PHASE_STRIP = NO;
				CURRENT_PROJECT_VERSION = 1;
				DEBUG_INFORMATION_FORMAT = dwarf;
				DEVELOPMENT_TEAM = 5TAKV37ZM4;
				ENABLE_STRICT_OBJC_MSGSEND = YES;
				ENABLE_TESTABILITY = YES;
				ENABLE_USER_SCRIPT_SANDBOXING = YES;
				GCC_C_LANGUAGE_STANDARD = gnu17;
				GCC_DYNAMIC_NO_PIC = NO;
				GCC_NO_COMMON_BLOCKS = YES;
				GCC_OPTIMIZATION_LEVEL = 0;
				GCC_PREPROCESSOR_DEFINITIONS = (
					"DEBUG=1",
					"$(inherited)",
				);
				GCC_WARN_64_TO_32_BIT_CONVERSION = YES;
				GCC_WARN_ABOUT_RETURN_TYPE = YES_ERROR;
				GCC_WARN_UNDECLARED_SELECTOR = YES;
				GCC_WARN_UNINITIALIZED_AUTOS = YES_AGGRESSIVE;
				GCC_WARN_UNUSED_FUNCTION = YES;
				GCC_WARN_UNUSED_VARIABLE = YES;
				GENERATE_INFOPLIST_FILE = YES;
				IPHONEOS_DEPLOYMENT_TARGET = 18.5;
				LOCALIZATION_PREFERS_STRING_CATALOGS = YES;
				MARKETING_VERSION = 1.0;
				MTL_ENABLE_DEBUG_INFO = INCLUDE_SOURCE;
				MTL_FAST_MATH = YES;
				ONLY_ACTIVE_ARCH = YES;
				PRODUCT_BUNDLE_IDENTIFIER = com.kokisato.MonoKnightAppUITests;
				PRODUCT_NAME = "$(TARGET_NAME)";
				SDKROOT = iphoneos;
				SWIFT_ACTIVE_COMPILATION_CONDITIONS = "DEBUG $(inherited)";
				SWIFT_EMIT_LOC_STRINGS = NO;
				SWIFT_OPTIMIZATION_LEVEL = "-Onone";
				SWIFT_VERSION = 5.0;
				TARGETED_DEVICE_FAMILY = "1,2";
				TEST_TARGET_NAME = MonoKnightApp;
			};
			name = Debug;
		};
		72CF37EC2E7161170093B180 /* Release */ = {
			isa = XCBuildConfiguration;
			buildSettings = {
				ALWAYS_SEARCH_USER_PATHS = NO;
				ASSETCATALOG_COMPILER_GENERATE_SWIFT_ASSET_SYMBOL_EXTENSIONS = YES;
				CLANG_ANALYZER_NONNULL = YES;
				CLANG_ANALYZER_NUMBER_OBJECT_CONVERSION = YES_AGGRESSIVE;
				CLANG_CXX_LANGUAGE_STANDARD = "gnu++20";
				CLANG_ENABLE_MODULES = YES;
				CLANG_ENABLE_OBJC_ARC = YES;
				CLANG_ENABLE_OBJC_WEAK = YES;
				CLANG_WARN_BLOCK_CAPTURE_AUTORELEASING = YES;
				CLANG_WARN_BOOL_CONVERSION = YES;
				CLANG_WARN_COMMA = YES;
				CLANG_WARN_CONSTANT_CONVERSION = YES;
				CLANG_WARN_DEPRECATED_OBJC_IMPLEMENTATIONS = YES;
				CLANG_WARN_DIRECT_OBJC_ISA_USAGE = YES_ERROR;
				CLANG_WARN_DOCUMENTATION_COMMENTS = YES;
				CLANG_WARN_EMPTY_BODY = YES;
				CLANG_WARN_ENUM_CONVERSION = YES;
				CLANG_WARN_INFINITE_RECURSION = YES;
				CLANG_WARN_INT_CONVERSION = YES;
				CLANG_WARN_NON_LITERAL_NULL_CONVERSION = YES;
				CLANG_WARN_OBJC_IMPLICIT_RETAIN_SELF = YES;
				CLANG_WARN_OBJC_LITERAL_CONVERSION = YES;
				CLANG_WARN_OBJC_ROOT_CLASS = YES_ERROR;
				CLANG_WARN_QUOTED_INCLUDE_IN_FRAMEWORK_HEADER = YES;
				CLANG_WARN_RANGE_LOOP_ANALYSIS = YES;
				CLANG_WARN_STRICT_PROTOTYPES = YES;
				CLANG_WARN_SUSPICIOUS_MOVE = YES;
				CLANG_WARN_UNGUARDED_AVAILABILITY = YES_AGGRESSIVE;
				CLANG_WARN_UNREACHABLE_CODE = YES;
				CLANG_WARN__DUPLICATE_METHOD_MATCH = YES;
				CODE_SIGN_STYLE = Automatic;
				COPY_PHASE_STRIP = NO;
				CURRENT_PROJECT_VERSION = 1;
				DEBUG_INFORMATION_FORMAT = "dwarf-with-dsym";
				DEVELOPMENT_TEAM = 5TAKV37ZM4;
				ENABLE_NS_ASSERTIONS = NO;
				ENABLE_STRICT_OBJC_MSGSEND = YES;
				ENABLE_USER_SCRIPT_SANDBOXING = YES;
				GCC_C_LANGUAGE_STANDARD = gnu17;
				GCC_NO_COMMON_BLOCKS = YES;
				GCC_WARN_64_TO_32_BIT_CONVERSION = YES;
				GCC_WARN_ABOUT_RETURN_TYPE = YES_ERROR;
				GCC_WARN_UNDECLARED_SELECTOR = YES;
				GCC_WARN_UNINITIALIZED_AUTOS = YES_AGGRESSIVE;
				GCC_WARN_UNUSED_FUNCTION = YES;
				GCC_WARN_UNUSED_VARIABLE = YES;
				GENERATE_INFOPLIST_FILE = YES;
				IPHONEOS_DEPLOYMENT_TARGET = 18.5;
				LOCALIZATION_PREFERS_STRING_CATALOGS = YES;
				MARKETING_VERSION = 1.0;
				MTL_ENABLE_DEBUG_INFO = NO;
				MTL_FAST_MATH = YES;
				PRODUCT_BUNDLE_IDENTIFIER = com.kokisato.MonoKnightAppUITests;
				PRODUCT_NAME = "$(TARGET_NAME)";
				SDKROOT = iphoneos;
				SWIFT_COMPILATION_MODE = wholemodule;
				SWIFT_EMIT_LOC_STRINGS = NO;
				SWIFT_VERSION = 5.0;
				TARGETED_DEVICE_FAMILY = "1,2";
				TEST_TARGET_NAME = MonoKnightApp;
				VALIDATE_PRODUCT = YES;
			};
			name = Release;
		};
/* End XCBuildConfiguration section */

/* Begin XCConfigurationList section */
		00000000000000000000000C /* Build configuration list for PBXProject "MonoKnight" */ = {
			isa = XCConfigurationList;
			buildConfigurations = (
				000000000000000000000010 /* Debug */,
				000000000000000000000011 /* Release */,
			);
			defaultConfigurationIsVisible = 0;
			defaultConfigurationName = Release;
		};
		00000000000000000000000D /* Build configuration list for PBXNativeTarget "MonoKnight" */ = {
			isa = XCConfigurationList;
			buildConfigurations = (
				00000000000000000000000E /* Debug */,
				00000000000000000000000F /* Release */,
			);
			defaultConfigurationIsVisible = 0;
			defaultConfigurationName = Release;
		};
		72CF37ED2E7161170093B180 /* Build configuration list for PBXNativeTarget "MonoKnightApp" */ = {
			isa = XCConfigurationList;
			buildConfigurations = (
				72CF37E72E7161170093B180 /* Debug */,
				72CF37E82E7161170093B180 /* Release */,
			);
			defaultConfigurationIsVisible = 0;
			defaultConfigurationName = Release;
		};
		72CF37EE2E7161170093B180 /* Build configuration list for PBXNativeTarget "MonoKnightAppTests" */ = {
			isa = XCConfigurationList;
			buildConfigurations = (
				72CF37E92E7161170093B180 /* Debug */,
				72CF37EA2E7161170093B180 /* Release */,
			);
			defaultConfigurationIsVisible = 0;
			defaultConfigurationName = Release;
		};
		72CF37EF2E7161170093B180 /* Build configuration list for PBXNativeTarget "MonoKnightAppUITests" */ = {
			isa = XCConfigurationList;
			buildConfigurations = (
				72CF37EB2E7161170093B180 /* Debug */,
				72CF37EC2E7161170093B180 /* Release */,
			);
			defaultConfigurationIsVisible = 0;
			defaultConfigurationName = Release;
		};
/* End XCConfigurationList section */

/* Begin XCLocalSwiftPackageReference section */
		729791A62E7F569900361471 /* XCLocalSwiftPackageReference "../MonoKnight" */ = {
			isa = XCLocalSwiftPackageReference;
			relativePath = ../MonoKnight;
		};
/* End XCLocalSwiftPackageReference section */

/* Begin XCRemoteSwiftPackageReference section */
		72CF38162E7252460093B180 /* XCRemoteSwiftPackageReference "swift-package-manager-google-mobile-ads" */ = {
			isa = XCRemoteSwiftPackageReference;
			repositoryURL = "https://github.com/googleads/swift-package-manager-google-mobile-ads";
			requirement = {
				kind = upToNextMajorVersion;
				minimumVersion = 12.11.0;
			};
		};
/* End XCRemoteSwiftPackageReference section */

/* Begin XCSwiftPackageProductDependency section */
		7266422B2E8146C4003EA325 /* Game */ = {
			isa = XCSwiftPackageProductDependency;
			productName = Game;
		};
		7297918A2E7F43F300361471 /* Game */ = {
			isa = XCSwiftPackageProductDependency;
			productName = Game;
		};
		729791A72E7F569900361471 /* Game */ = {
			isa = XCSwiftPackageProductDependency;
			productName = Game;
		};
		72CF38172E7252460093B180 /* GoogleMobileAds */ = {
			isa = XCSwiftPackageProductDependency;
			package = 72CF38162E7252460093B180 /* XCRemoteSwiftPackageReference "swift-package-manager-google-mobile-ads" */;
			productName = GoogleMobileAds;
		};
		72CF381A2E90AA000093B180 /* SharedSupport */ = {
			isa = XCSwiftPackageProductDependency;
			productName = SharedSupport;
		};
/* End XCSwiftPackageProductDependency section */
	};
	rootObject = 000000000000000000000001 /* Project object */;
}
